{
  "name": "jwb",
  "lockfileVersion": 2,
  "requires": true,
  "packages": {
    "": {
      "dependencies": {
        "@mediapipe/hands": "^0.1.1617147326"
      }
    },
    "node_modules/@mediapipe/hands": {
      "version": "0.1.1617147326",
      "resolved": "https://registry.npmjs.org/@mediapipe/hands/-/hands-0.1.1617147326.tgz",
      "integrity": "sha512-dEAeqJ1cfCv6/j8LMDhXmfvcoG46J902kQoaoCyJyGMe8ZPNPQRvtAlZ6Y/PeL6x7dlLeLBlT1sSzkKGEgqBKg=="
    }
  },
  "dependencies": {
    "@mediapipe/hands": {
      "version": "0.1.1617147326",
      "resolved": "https://registry.npmjs.org/@mediapipe/hands/-/hands-0.1.1617147326.tgz",
      "integrity": "sha512-dEAeqJ1cfCv6/j8LMDhXmfvcoG46J902kQoaoCyJyGMe8ZPNPQRvtAlZ6Y/PeL6x7dlLeLBlT1sSzkKGEgqBKg=="
    }
  }
}
